
Microsoft Visual Studio Solution File, Format Version 11.00
# Visual Studio 2010
Project("{FAE04EC0-301F-11D3-BF4B-00C04F79EFBC}") = "Assembly-CSharp", "Assembly-CSharp.csproj", "{1ca3f482-44cc-8728-83e2-54d3c8b9ba5e}"
EndProject
Project("{FAE04EC0-301F-11D3-BF4B-00C04F79EFBC}") = "Assembly-CSharp-Editor", "Assembly-CSharp-Editor.csproj", "{01b69342-9d04-283d-31b5-b1da32e4114b}"
EndProject
Project("{FAE04EC0-301F-11D3-BF4B-00C04F79EFBC}") = "Assembly-CSharp-Editor", "Assembly-CSharp-Editor.csproj", "{4293B601-049D-3D28-31B5-B1DA32E4114B}"
EndProject
Global
	GlobalSection(SolutionConfigurationPlatforms) = preSolution
		Debug|Any CPU = Debug|Any CPU
	EndGlobalSection
	GlobalSection(ProjectConfigurationPlatforms) = postSolution
		{82F4A31C-CC44-2887-83E2-54D3C8B9BA5E}.Debug|Any CPU.ActiveCfg = Debug|Any CPU
		{82F4A31C-CC44-2887-83E2-54D3C8B9BA5E}.Debug|Any CPU.Build.0 = Debug|Any CPU
		{82F4A31C-CC44-2887-83E2-54D3C8B9BA5E}.Release|Any CPU.ActiveCfg = Release|Any CPU
		{82F4A31C-CC44-2887-83E2-54D3C8B9BA5E}.Release|Any CPU.Build.0 = Release|Any CPU
		{4293B601-049D-3D28-31B5-B1DA32E4114B}.Debug|Any CPU.ActiveCfg = Debug|Any CPU
		{4293B601-049D-3D28-31B5-B1DA32E4114B}.Debug|Any CPU.Build.0 = Debug|Any CPU
		{4293B601-049D-3D28-31B5-B1DA32E4114B}.Release|Any CPU.ActiveCfg = Release|Any CPU
		{4293B601-049D-3D28-31B5-B1DA32E4114B}.Release|Any CPU.Build.0 = Release|Any CPU
	EndGlobalSection
	GlobalSection(SolutionProperties) = preSolution
		HideSolutionNode = FALSE
	EndGlobalSection
EndGlobal
